PODS:
  - contacts_service (0.0.1):
    - Flutter
  - Flutter (1.0.0)

DEPENDENCIES:
  - contacts_service (from `/Users/timsneath/git/flutter_contacts/ios`)
  - Flutter (from `/Users/timsneath/flutter/bin/cache/artifacts/engine/ios`)

EXTERNAL SOURCES:
  contacts_service:
    :path: "/Users/timsneath/git/flutter_contacts/ios"
  Flutter:
    :path: "/Users/timsneath/flutter/bin/cache/artifacts/engine/ios"

SPEC CHECKSUMS:
  contacts_service: 3d584b5457e56df4e68608a765b0dfc88b80479c
  Flutter: 9d0fac939486c9aba2809b7982dfdbb47a7b0296

PODFILE CHECKSUM: b3f98f39b16cc0a18e5ea9ecbe5cfbc88c2ad26a

COCOAPODS: 1.5.3
